<?xml version="1.0" encoding="utf-8"?>
<Project ToolsVersion="4.0" xmlns="http://schemas.microsoft.com/developer/msbuild/2003">
  <ItemGroup>
    <Filter Include="源文件">
      <UniqueIdentifier>{4FC737F1-C7A5-4376-A066-2A32D752A2FF}</UniqueIdentifier>
      <Extensions>cpp;c;cc;cxx;c++;cppm;ixx;def;odl;idl;hpj;bat;asm;asmx</Extensions>
    </Filter>
    <Filter Include="头文件">
      <UniqueIdentifier>{93995380-89BD-4b04-88EB-625FBE52EBFB}</UniqueIdentifier>
      <Extensions>h;hh;hpp;hxx;h++;hm;inl;inc;ipp;xsd</Extensions>
    </Filter>
    <Filter Include="资源文件">
      <UniqueIdentifier>{67DA6AB6-F800-4c08-8B7A-83BB121AAD01}</UniqueIdentifier>
      <Extensions>rc;ico;cur;bmp;dlg;rc2;rct;bin;rgs;gif;jpg;jpeg;jpe;resx;tiff;tif;png;wav;mfcribbon-ms</Extensions>
    </Filter>
    <Filter Include="_0x1D">
      <UniqueIdentifier>{699c7203-766b-48a6-9ded-bd6dd5640628}</UniqueIdentifier>
    </Filter>
    <Filter Include="_0x1C">
      <UniqueIdentifier>{3e62ed10-1c58-48e9-9389-795e85563575}</UniqueIdentifier>
    </Filter>
    <Filter Include="Decode">
      <UniqueIdentifier>{53ca3c50-4390-418d-afbc-3612fd27eecd}</UniqueIdentifier>
    </Filter>
    <Filter Include="_0x7">
      <UniqueIdentifier>{b0e90b97-392e-4adf-8d22-f7ece3a45367}</UniqueIdentifier>
    </Filter>
    <Filter Include="_0x20">
      <UniqueIdentifier>{067446fe-10b4-491f-a9fb-d264dbf757a4}</UniqueIdentifier>
    </Filter>
  </ItemGroup>
  <ItemGroup>
    <ClCompile Include="a.cpp">
      <Filter>源文件</Filter>
    </ClCompile>
    <ClCompile Include="_0x1D.cpp">
      <Filter>_0x1D</Filter>
    </ClCompile>
    <ClCompile Include="_0x1C.cpp">
      <Filter>_0x1C</Filter>
    </ClCompile>
    <ClCompile Include="decode.cpp">
      <Filter>Decode</Filter>
    </ClCompile>
    <ClCompile Include="_0x7.cpp">
      <Filter>_0x7</Filter>
    </ClCompile>
    <ClCompile Include="_0x20.cpp">
      <Filter>_0x20</Filter>
    </ClCompile>
  </ItemGroup>
  <ItemGroup>
    <ClInclude Include="_0x1D.h">
      <Filter>_0x1D</Filter>
    </ClInclude>
    <ClInclude Include="_0x1C.h">
      <Filter>_0x1C</Filter>
    </ClInclude>
    <ClInclude Include="decode.h">
      <Filter>Decode</Filter>
    </ClInclude>
    <ClInclude Include="_0x7.h">
      <Filter>_0x7</Filter>
    </ClInclude>
    <ClInclude Include="_0x20.h">
      <Filter>_0x20</Filter>
    </ClInclude>
  </ItemGroup>
</Project>